
Microsoft Visual Studio Solution File, Format Version 12.00
# Visual Studio Version 16
VisualStudioVersion = 16.0.31605.320
MinimumVisualStudioVersion = 10.0.40219.1
Project("{FAE04EC0-301F-11D3-BF4B-00C04F79EFBC}") = "StudentApplication", "StudentApplication\StudentApplication.csproj", "{B960C911-C4E3-4534-81E2-04FE6F611E12}"
EndProject
Project("{FAE04EC0-301F-11D3-BF4B-00C04F79EFBC}") = "Student.Model", "Student.Model\Student.Model.csproj", "{89278547-FB6B-48D2-B80A-DEB3C334FC0A}"
EndProject
Project("{FAE04EC0-301F-11D3-BF4B-00C04F79EFBC}") = "Student._Repository", "Student._Repository\Student._Repository.csproj", "{6DC59926-2012-4364-8DD4-8F9A759B7E07}"
EndProject
Project("{FAE04EC0-301F-11D3-BF4B-00C04F79EFBC}") = "Student._Service", "Student._Service\Student._Service.csproj", "{469A62B2-EC80-4CAA-902C-32BA08F46F53}"
EndProject
Project("{FAE04EC0-301F-11D3-BF4B-00C04F79EFBC}") = "StudentModel.Common", "StudentModel.Common\StudentModel.Common.csproj", "{1D4BF549-DA2F-4B36-8C50-9033B65BAA1D}"
EndProject
Project("{FAE04EC0-301F-11D3-BF4B-00C04F79EFBC}") = "StudentRepository.Common", "StudentRepository.Common\StudentRepository.Common.csproj", "{865DBAF1-BCAD-4CD3-8034-08DC2F5E901C}"
EndProject
Project("{FAE04EC0-301F-11D3-BF4B-00C04F79EFBC}") = "StudentService.Common", "StudentService.Common\StudentService.Common.csproj", "{2C2D1476-5A46-4E91-9226-7C4A1FC0724C}"
EndProject
Global
	GlobalSection(SolutionConfigurationPlatforms) = preSolution
		Debug|Any CPU = Debug|Any CPU
		Release|Any CPU = Release|Any CPU
	EndGlobalSection
	GlobalSection(ProjectConfigurationPlatforms) = postSolution
		{B960C911-C4E3-4534-81E2-04FE6F611E12}.Debug|Any CPU.ActiveCfg = Debug|Any CPU
		{B960C911-C4E3-4534-81E2-04FE6F611E12}.Debug|Any CPU.Build.0 = Debug|Any CPU
		{B960C911-C4E3-4534-81E2-04FE6F611E12}.Release|Any CPU.ActiveCfg = Release|Any CPU
		{B960C911-C4E3-4534-81E2-04FE6F611E12}.Release|Any CPU.Build.0 = Release|Any CPU
		{89278547-FB6B-48D2-B80A-DEB3C334FC0A}.Debug|Any CPU.ActiveCfg = Debug|Any CPU
		{89278547-FB6B-48D2-B80A-DEB3C334FC0A}.Debug|Any CPU.Build.0 = Debug|Any CPU
		{89278547-FB6B-48D2-B80A-DEB3C334FC0A}.Release|Any CPU.ActiveCfg = Release|Any CPU
		{89278547-FB6B-48D2-B80A-DEB3C334FC0A}.Release|Any CPU.Build.0 = Release|Any CPU
		{6DC59926-2012-4364-8DD4-8F9A759B7E07}.Debug|Any CPU.ActiveCfg = Debug|Any CPU
		{6DC59926-2012-4364-8DD4-8F9A759B7E07}.Debug|Any CPU.Build.0 = Debug|Any CPU
		{6DC59926-2012-4364-8DD4-8F9A759B7E07}.Release|Any CPU.ActiveCfg = Release|Any CPU
		{6DC59926-2012-4364-8DD4-8F9A759B7E07}.Release|Any CPU.Build.0 = Release|Any CPU
		{469A62B2-EC80-4CAA-902C-32BA08F46F53}.Debug|Any CPU.ActiveCfg = Debug|Any CPU
		{469A62B2-EC80-4CAA-902C-32BA08F46F53}.Debug|Any CPU.Build.0 = Debug|Any CPU
		{469A62B2-EC80-4CAA-902C-32BA08F46F53}.Release|Any CPU.ActiveCfg = Release|Any CPU
		{469A62B2-EC80-4CAA-902C-32BA08F46F53}.Release|Any CPU.Build.0 = Release|Any CPU
		{1D4BF549-DA2F-4B36-8C50-9033B65BAA1D}.Debug|Any CPU.ActiveCfg = Debug|Any CPU
		{1D4BF549-DA2F-4B36-8C50-9033B65BAA1D}.Debug|Any CPU.Build.0 = Debug|Any CPU
		{1D4BF549-DA2F-4B36-8C50-9033B65BAA1D}.Release|Any CPU.ActiveCfg = Release|Any CPU
		{1D4BF549-DA2F-4B36-8C50-9033B65BAA1D}.Release|Any CPU.Build.0 = Release|Any CPU
		{865DBAF1-BCAD-4CD3-8034-08DC2F5E901C}.Debug|Any CPU.ActiveCfg = Debug|Any CPU
		{865DBAF1-BCAD-4CD3-8034-08DC2F5E901C}.Debug|Any CPU.Build.0 = Debug|Any CPU
		{865DBAF1-BCAD-4CD3-8034-08DC2F5E901C}.Release|Any CPU.ActiveCfg = Release|Any CPU
		{865DBAF1-BCAD-4CD3-8034-08DC2F5E901C}.Release|Any CPU.Build.0 = Release|Any CPU
		{2C2D1476-5A46-4E91-9226-7C4A1FC0724C}.Debug|Any CPU.ActiveCfg = Debug|Any CPU
		{2C2D1476-5A46-4E91-9226-7C4A1FC0724C}.Debug|Any CPU.Build.0 = Debug|Any CPU
		{2C2D1476-5A46-4E91-9226-7C4A1FC0724C}.Release|Any CPU.ActiveCfg = Release|Any CPU
		{2C2D1476-5A46-4E91-9226-7C4A1FC0724C}.Release|Any CPU.Build.0 = Release|Any CPU
	EndGlobalSection
	GlobalSection(SolutionProperties) = preSolution
		HideSolutionNode = FALSE
	EndGlobalSection
	GlobalSection(ExtensibilityGlobals) = postSolution
		SolutionGuid = {3223CBC9-E2E2-4C03-B2F0-8327A9FC3AC5}
	EndGlobalSection
EndGlobal
